{
  "name": "AirSense data analysis",
  "requires": true,
  "lockfileVersion": 1,
  "dependencies": {
    "minimist": {
      "version": "0.0.8",
      "resolved": "https://registry.npmjs.org/minimist/-/minimist-0.0.8.tgz",
      "integrity": "sha1-hX/Kv8M5fSYluCKCYuhqp6ARsF0="
    },
    "mkdirp": {
      "version": "0.5.1",
      "resolved": "https://registry.npmjs.org/mkdirp/-/mkdirp-0.5.1.tgz",
      "integrity": "sha1-MAV0OOrGz3+MR2fzhkjWaX11yQM=",
      "requires": {
        "minimist": "0.0.8"
      }
    },
    "plotly": {
      "version": "1.0.6",
      "resolved": "https://registry.npmjs.org/plotly/-/plotly-1.0.6.tgz",
      "integrity": "sha1-smcsPfiDM2Jb32hJgtDj9lIdeqo=",
      "requires": {
        "mkdirp": "0.5.1"
      }
    },
    "rref": {
      "version": "0.0.1",
      "resolved": "https://registry.npmjs.org/rref/-/rref-0.0.1.tgz",
      "integrity": "sha1-lZRimkZpLG8QBhXFJFmHCOrCDO8="
    },
    "smr": {
      "version": "0.12.6",
      "resolved": "https://registry.npmjs.org/smr/-/smr-0.12.6.tgz",
      "integrity": "sha1-4Fdb0H/Ms1ylEq1hDKCO95uu/vI=",
      "requires": {
        "rref": "0.0.1"
      }
    }
  }
}
